// !$*UTF8*$!
{
	archiveVersion = 1;
	classes = {
	};
	objectVersion = 56;
	objects = {

/* Begin PBXBuildFile section */
		9F736F1D2B35608F00BA9966 /* SnackOverFlowApp.swift in Sources */ = {isa = PBXBuildFile; fileRef = 9F736F1C2B35608F00BA9966 /* SnackOverFlowApp.swift */; };
		9F736F1F2B35608F00BA9966 /* ContentView.swift in Sources */ = {isa = PBXBuildFile; fileRef = 9F736F1E2B35608F00BA9966 /* ContentView.swift */; };
		9F736F212B35609000BA9966 /* Assets.xcassets in Resources */ = {isa = PBXBuildFile; fileRef = 9F736F202B35609000BA9966 /* Assets.xcassets */; };
		9F736F242B35609000BA9966 /* Preview Assets.xcassets in Resources */ = {isa = PBXBuildFile; fileRef = 9F736F232B35609000BA9966 /* Preview Assets.xcassets */; };
		9F736F322B35648F00BA9966 /* Colors.xcassets in Resources */ = {isa = PBXBuildFile; fileRef = 9F736F312B35648F00BA9966 /* Colors.xcassets */; };
		9F736F342B35659B00BA9966 /* Images.xcassets in Resources */ = {isa = PBXBuildFile; fileRef = 9F736F332B35659B00BA9966 /* Images.xcassets */; };
		9F736F382B35662500BA9966 /* Welcome.swift in Sources */ = {isa = PBXBuildFile; fileRef = 9F736F372B35662500BA9966 /* Welcome.swift */; };
		9F736F3C2B35673B00BA9966 /* Colors.swift in Sources */ = {isa = PBXBuildFile; fileRef = 9F736F3B2B35673B00BA9966 /* Colors.swift */; };
		9F736F3E2B35681800BA9966 /* EdgeInsets.swift in Sources */ = {isa = PBXBuildFile; fileRef = 9F736F3D2B35681800BA9966 /* EdgeInsets.swift */; };
		9F736F412B3569F700BA9966 /* Images.swift in Sources */ = {isa = PBXBuildFile; fileRef = 9F736F402B3569F700BA9966 /* Images.swift */; };
		9F736F442B356A2700BA9966 /* Icons.swift in Sources */ = {isa = PBXBuildFile; fileRef = 9F736F432B356A2700BA9966 /* Icons.swift */; };
		9F736F472B3586BD00BA9966 /* FacebookButton.swift in Sources */ = {isa = PBXBuildFile; fileRef = 9F736F462B3586BD00BA9966 /* FacebookButton.swift */; };
		9F736F4F2B35882C00BA9966 /* LocaleKeys.swift in Sources */ = {isa = PBXBuildFile; fileRef = 9F736F4E2B35882C00BA9966 /* LocaleKeys.swift */; };
		9F736F562B35A9C800BA9966 /* PagePadding.swift in Sources */ = {isa = PBXBuildFile; fileRef = 9F736F552B35A9C800BA9966 /* PagePadding.swift */; };
		9F736F582B35AA7700BA9966 /* GoogleButton.swift in Sources */ = {isa = PBXBuildFile; fileRef = 9F736F572B35AA7700BA9966 /* GoogleButton.swift */; };
		9F736F5A2B35ADC400BA9966 /* RadiusItems.swift in Sources */ = {isa = PBXBuildFile; fileRef = 9F736F592B35ADC400BA9966 /* RadiusItems.swift */; };
		9F736F5C2B35B18000BA9966 /* AppleButton.swift in Sources */ = {isa = PBXBuildFile; fileRef = 9F736F5B2B35B18000BA9966 /* AppleButton.swift */; };
		9F736F5E2B35B6DE00BA9966 /* DynamicSize+GeometryProgxy.swift in Sources */ = {isa = PBXBuildFile; fileRef = 9F736F5D2B35B6DE00BA9966 /* DynamicSize+GeometryProgxy.swift */; };
		9F9731C22B37F4B400A0D858 /* OnboardView.swift in Sources */ = {isa = PBXBuildFile; fileRef = 9F9731C12B37F4B400A0D858 /* OnboardView.swift */; };
		9F9731C42B37F50800A0D858 /* OnboardModel.swift in Sources */ = {isa = PBXBuildFile; fileRef = 9F9731C32B37F50800A0D858 /* OnboardModel.swift */; };
		9F9731C72B37F9AD00A0D858 /* FontSizes.swift in Sources */ = {isa = PBXBuildFile; fileRef = 9F9731C62B37F9AD00A0D858 /* FontSizes.swift */; };
		9F9731CB2B380DF900A0D858 /* Radius.swift in Sources */ = {isa = PBXBuildFile; fileRef = 9F9731CA2B380DF900A0D858 /* Radius.swift */; };
		9F9731CD2B380F4200A0D858 /* NormalButton.swift in Sources */ = {isa = PBXBuildFile; fileRef = 9F9731CC2B380F4200A0D858 /* NormalButton.swift */; };
/* End PBXBuildFile section */

/* Begin PBXFileReference section */
		9F736F192B35608F00BA9966 /* SnackOverFlow.app */ = {isa = PBXFileReference; explicitFileType = wrapper.application; includeInIndex = 0; path = SnackOverFlow.app; sourceTree = BUILT_PRODUCTS_DIR; };
		9F736F1C2B35608F00BA9966 /* SnackOverFlowApp.swift */ = {isa = PBXFileReference; lastKnownFileType = sourcecode.swift; path = SnackOverFlowApp.swift; sourceTree = "<group>"; };
		9F736F1E2B35608F00BA9966 /* ContentView.swift */ = {isa = PBXFileReference; lastKnownFileType = sourcecode.swift; path = ContentView.swift; sourceTree = "<group>"; };
		9F736F202B35609000BA9966 /* Assets.xcassets */ = {isa = PBXFileReference; lastKnownFileType = folder.assetcatalog; path = Assets.xcassets; sourceTree = "<group>"; };
		9F736F232B35609000BA9966 /* Preview Assets.xcassets */ = {isa = PBXFileReference; lastKnownFileType = folder.assetcatalog; path = "Preview Assets.xcassets"; sourceTree = "<group>"; };
		9F736F312B35648F00BA9966 /* Colors.xcassets */ = {isa = PBXFileReference; lastKnownFileType = folder.assetcatalog; path = Colors.xcassets; sourceTree = "<group>"; };
		9F736F332B35659B00BA9966 /* Images.xcassets */ = {isa = PBXFileReference; lastKnownFileType = folder.assetcatalog; path = Images.xcassets; sourceTree = "<group>"; };
		9F736F372B35662500BA9966 /* Welcome.swift */ = {isa = PBXFileReference; lastKnownFileType = sourcecode.swift; path = Welcome.swift; sourceTree = "<group>"; };
		9F736F3B2B35673B00BA9966 /* Colors.swift */ = {isa = PBXFileReference; lastKnownFileType = sourcecode.swift; path = Colors.swift; sourceTree = "<group>"; };
		9F736F3D2B35681800BA9966 /* EdgeInsets.swift */ = {isa = PBXFileReference; lastKnownFileType = sourcecode.swift; path = EdgeInsets.swift; sourceTree = "<group>"; };
		9F736F402B3569F700BA9966 /* Images.swift */ = {isa = PBXFileReference; lastKnownFileType = sourcecode.swift; path = Images.swift; sourceTree = "<group>"; };
		9F736F432B356A2700BA9966 /* Icons.swift */ = {isa = PBXFileReference; lastKnownFileType = sourcecode.swift; path = Icons.swift; sourceTree = "<group>"; };
		9F736F462B3586BD00BA9966 /* FacebookButton.swift */ = {isa = PBXFileReference; lastKnownFileType = sourcecode.swift; path = FacebookButton.swift; sourceTree = "<group>"; };
		9F736F4E2B35882C00BA9966 /* LocaleKeys.swift */ = {isa = PBXFileReference; lastKnownFileType = sourcecode.swift; path = LocaleKeys.swift; sourceTree = "<group>"; };
		9F736F552B35A9C800BA9966 /* PagePadding.swift */ = {isa = PBXFileReference; lastKnownFileType = sourcecode.swift; path = PagePadding.swift; sourceTree = "<group>"; };
		9F736F572B35AA7700BA9966 /* GoogleButton.swift */ = {isa = PBXFileReference; lastKnownFileType = sourcecode.swift; path = GoogleButton.swift; sourceTree = "<group>"; };
		9F736F592B35ADC400BA9966 /* RadiusItems.swift */ = {isa = PBXFileReference; lastKnownFileType = sourcecode.swift; path = RadiusItems.swift; sourceTree = "<group>"; };
		9F736F5B2B35B18000BA9966 /* AppleButton.swift */ = {isa = PBXFileReference; lastKnownFileType = sourcecode.swift; path = AppleButton.swift; sourceTree = "<group>"; };
		9F736F5D2B35B6DE00BA9966 /* DynamicSize+GeometryProgxy.swift */ = {isa = PBXFileReference; lastKnownFileType = sourcecode.swift; path = "DynamicSize+GeometryProgxy.swift"; sourceTree = "<group>"; };
		9F9731C12B37F4B400A0D858 /* OnboardView.swift */ = {isa = PBXFileReference; lastKnownFileType = sourcecode.swift; path = OnboardView.swift; sourceTree = "<group>"; };
		9F9731C32B37F50800A0D858 /* OnboardModel.swift */ = {isa = PBXFileReference; lastKnownFileType = sourcecode.swift; path = OnboardModel.swift; sourceTree = "<group>"; };
		9F9731C62B37F9AD00A0D858 /* FontSizes.swift */ = {isa = PBXFileReference; lastKnownFileType = sourcecode.swift; path = FontSizes.swift; sourceTree = "<group>"; };
		9F9731CA2B380DF900A0D858 /* Radius.swift */ = {isa = PBXFileReference; lastKnownFileType = sourcecode.swift; path = Radius.swift; sourceTree = "<group>"; };
		9F9731CC2B380F4200A0D858 /* NormalButton.swift */ = {isa = PBXFileReference; lastKnownFileType = sourcecode.swift; path = NormalButton.swift; sourceTree = "<group>"; };
/* End PBXFileReference section */

/* Begin PBXFrameworksBuildPhase section */
		9F736F162B35608F00BA9966 /* Frameworks */ = {
			isa = PBXFrameworksBuildPhase;
			buildActionMask = 2147483647;
			files = (
			);
			runOnlyForDeploymentPostprocessing = 0;
		};
/* End PBXFrameworksBuildPhase section */

/* Begin PBXGroup section */
		9F736F102B35608F00BA9966 = {
			isa = PBXGroup;
			children = (
				9F736F1B2B35608F00BA9966 /* SnackOverFlow */,
				9F736F1A2B35608F00BA9966 /* Products */,
			);
			sourceTree = "<group>";
		};
		9F736F1A2B35608F00BA9966 /* Products */ = {
			isa = PBXGroup;
			children = (
				9F736F192B35608F00BA9966 /* SnackOverFlow.app */,
			);
			name = Products;
			sourceTree = "<group>";
		};
		9F736F1B2B35608F00BA9966 /* SnackOverFlow */ = {
			isa = PBXGroup;
			children = (
				9F736F392B35671700BA9966 /* Utils */,
				9F736F2C2B3563C700BA9966 /* Resources */,
				9F736F2B2B3563BB00BA9966 /* Product */,
				9F736F2A2B3563AE00BA9966 /* Feature */,
				9F736F1C2B35608F00BA9966 /* SnackOverFlowApp.swift */,
				9F736F1E2B35608F00BA9966 /* ContentView.swift */,
				9F736F202B35609000BA9966 /* Assets.xcassets */,
				9F736F222B35609000BA9966 /* Preview Content */,
			);
			path = SnackOverFlow;
			sourceTree = "<group>";
		};
		9F736F222B35609000BA9966 /* Preview Content */ = {
			isa = PBXGroup;
			children = (
				9F736F232B35609000BA9966 /* Preview Assets.xcassets */,
			);
			path = "Preview Content";
			sourceTree = "<group>";
		};
		9F736F2A2B3563AE00BA9966 /* Feature */ = {
			isa = PBXGroup;
			children = (
				9F9731C02B37F4A100A0D858 /* onboard */,
				9F736F452B3586A500BA9966 /* Widgets */,
				9F736F352B3565FB00BA9966 /* Authentication */,
			);
			path = Feature;
			sourceTree = "<group>";
		};
		9F736F2B2B3563BB00BA9966 /* Product */ = {
			isa = PBXGroup;
			children = (
			);
			path = Product;
			sourceTree = "<group>";
		};
		9F736F2C2B3563C700BA9966 /* Resources */ = {
			isa = PBXGroup;
			children = (
				9F736F2D2B3563EE00BA9966 /* Assets */,
			);
			path = Resources;
			sourceTree = "<group>";
		};
		9F736F2D2B3563EE00BA9966 /* Assets */ = {
			isa = PBXGroup;
			children = (
				9F736F312B35648F00BA9966 /* Colors.xcassets */,
				9F736F332B35659B00BA9966 /* Images.xcassets */,
			);
			path = Assets;
			sourceTree = "<group>";
		};
		9F736F352B3565FB00BA9966 /* Authentication */ = {
			isa = PBXGroup;
			children = (
				9F736F362B35660D00BA9966 /* Welcome */,
			);
			path = Authentication;
			sourceTree = "<group>";
		};
		9F736F362B35660D00BA9966 /* Welcome */ = {
			isa = PBXGroup;
			children = (
				9F736F372B35662500BA9966 /* Welcome.swift */,
			);
			path = Welcome;
			sourceTree = "<group>";
		};
		9F736F392B35671700BA9966 /* Utils */ = {
			isa = PBXGroup;
			children = (
				9F9731C82B380DD400A0D858 /* Size */,
				9F9731C52B37F99900A0D858 /* Fonts */,
				9F736F482B35875800BA9966 /* Locale */,
				9F736F3F2B3569E500BA9966 /* enums */,
				9F736F3A2B35672800BA9966 /* Extension */,
			);
			path = Utils;
			sourceTree = "<group>";
		};
		9F736F3A2B35672800BA9966 /* Extension */ = {
			isa = PBXGroup;
			children = (
				9F736F3B2B35673B00BA9966 /* Colors.swift */,
				9F736F3D2B35681800BA9966 /* EdgeInsets.swift */,
				9F736F5D2B35B6DE00BA9966 /* DynamicSize+GeometryProgxy.swift */,
			);
			path = Extension;
			sourceTree = "<group>";
		};
		9F736F3F2B3569E500BA9966 /* enums */ = {
			isa = PBXGroup;
			children = (
				9F736F402B3569F700BA9966 /* Images.swift */,
				9F736F432B356A2700BA9966 /* Icons.swift */,
				9F736F552B35A9C800BA9966 /* PagePadding.swift */,
				9F736F592B35ADC400BA9966 /* RadiusItems.swift */,
			);
			path = enums;
			sourceTree = "<group>";
		};
		9F736F452B3586A500BA9966 /* Widgets */ = {
			isa = PBXGroup;
			children = (
				9F736F462B3586BD00BA9966 /* FacebookButton.swift */,
				9F736F572B35AA7700BA9966 /* GoogleButton.swift */,
				9F736F5B2B35B18000BA9966 /* AppleButton.swift */,
				9F9731CC2B380F4200A0D858 /* NormalButton.swift */,
			);
			path = Widgets;
			sourceTree = "<group>";
		};
		9F736F482B35875800BA9966 /* Locale */ = {
			isa = PBXGroup;
			children = (
				9F736F4E2B35882C00BA9966 /* LocaleKeys.swift */,
			);
			path = Locale;
			sourceTree = "<group>";
		};
		9F9731C02B37F4A100A0D858 /* onboard */ = {
			isa = PBXGroup;
			children = (
				9F9731C12B37F4B400A0D858 /* OnboardView.swift */,
				9F9731C32B37F50800A0D858 /* OnboardModel.swift */,
			);
			path = onboard;
			sourceTree = "<group>";
		};
		9F9731C52B37F99900A0D858 /* Fonts */ = {
			isa = PBXGroup;
			children = (
				9F9731C62B37F9AD00A0D858 /* FontSizes.swift */,
			);
			path = Fonts;
			sourceTree = "<group>";
		};
		9F9731C82B380DD400A0D858 /* Size */ = {
			isa = PBXGroup;
			children = (
				9F9731CA2B380DF900A0D858 /* Radius.swift */,
			);
			path = Size;
			sourceTree = "<group>";
		};
/* End PBXGroup section */

/* Begin PBXNativeTarget section */
		9F736F182B35608F00BA9966 /* SnackOverFlow */ = {
			isa = PBXNativeTarget;
			buildConfigurationList = 9F736F272B35609000BA9966 /* Build configuration list for PBXNativeTarget "SnackOverFlow" */;
			buildPhases = (
				9F736F152B35608F00BA9966 /* Sources */,
				9F736F162B35608F00BA9966 /* Frameworks */,
				9F736F172B35608F00BA9966 /* Resources */,
			);
			buildRules = (
			);
			dependencies = (
			);
			name = SnackOverFlow;
			productName = SnackOverFlow;
			productReference = 9F736F192B35608F00BA9966 /* SnackOverFlow.app */;
			productType = "com.apple.product-type.application";
		};
/* End PBXNativeTarget section */

/* Begin PBXProject section */
		9F736F112B35608F00BA9966 /* Project object */ = {
			isa = PBXProject;
			attributes = {
				BuildIndependentTargetsInParallel = 1;
				LastSwiftUpdateCheck = 1430;
				LastUpgradeCheck = 1430;
				TargetAttributes = {
					9F736F182B35608F00BA9966 = {
						CreatedOnToolsVersion = 14.3.1;
					};
				};
			};
			buildConfigurationList = 9F736F142B35608F00BA9966 /* Build configuration list for PBXProject "SnackOverFlow" */;
			compatibilityVersion = "Xcode 14.0";
			developmentRegion = en;
			hasScannedForEncodings = 0;
			knownRegions = (
				en,
				Base,
			);
			mainGroup = 9F736F102B35608F00BA9966;
			productRefGroup = 9F736F1A2B35608F00BA9966 /* Products */;
			projectDirPath = "";
			projectRoot = "";
			targets = (
				9F736F182B35608F00BA9966 /* SnackOverFlow */,
			);
		};
/* End PBXProject section */

/* Begin PBXResourcesBuildPhase section */
		9F736F172B35608F00BA9966 /* Resources */ = {
			isa = PBXResourcesBuildPhase;
			buildActionMask = 2147483647;
			files = (
				9F736F322B35648F00BA9966 /* Colors.xcassets in Resources */,
				9F736F342B35659B00BA9966 /* Images.xcassets in Resources */,
				9F736F242B35609000BA9966 /* Preview Assets.xcassets in Resources */,
				9F736F212B35609000BA9966 /* Assets.xcassets in Resources */,
			);
			runOnlyForDeploymentPostprocessing = 0;
		};
/* End PBXResourcesBuildPhase section */

/* Begin PBXSourcesBuildPhase section */
		9F736F152B35608F00BA9966 /* Sources */ = {
			isa = PBXSourcesBuildPhase;
			buildActionMask = 2147483647;
			files = (
				9F736F582B35AA7700BA9966 /* GoogleButton.swift in Sources */,
				9F9731C22B37F4B400A0D858 /* OnboardView.swift in Sources */,
				9F736F4F2B35882C00BA9966 /* LocaleKeys.swift in Sources */,
				9F9731C42B37F50800A0D858 /* OnboardModel.swift in Sources */,
				9F736F5A2B35ADC400BA9966 /* RadiusItems.swift in Sources */,
				9F736F5C2B35B18000BA9966 /* AppleButton.swift in Sources */,
				9F736F442B356A2700BA9966 /* Icons.swift in Sources */,
				9F736F562B35A9C800BA9966 /* PagePadding.swift in Sources */,
				9F736F1F2B35608F00BA9966 /* ContentView.swift in Sources */,
				9F736F412B3569F700BA9966 /* Images.swift in Sources */,
				9F736F3C2B35673B00BA9966 /* Colors.swift in Sources */,
				9F9731CD2B380F4200A0D858 /* NormalButton.swift in Sources */,
				9F9731CB2B380DF900A0D858 /* Radius.swift in Sources */,
				9F736F3E2B35681800BA9966 /* EdgeInsets.swift in Sources */,
				9F9731C72B37F9AD00A0D858 /* FontSizes.swift in Sources */,
				9F736F472B3586BD00BA9966 /* FacebookButton.swift in Sources */,
				9F736F382B35662500BA9966 /* Welcome.swift in Sources */,
				9F736F5E2B35B6DE00BA9966 /* DynamicSize+GeometryProgxy.swift in Sources */,
				9F736F1D2B35608F00BA9966 /* SnackOverFlowApp.swift in Sources */,
			);
			runOnlyForDeploymentPostprocessing = 0;
		};
/* End PBXSourcesBuildPhase section */

/* Begin XCBuildConfiguration section */
		9F736F252B35609000BA9966 /* Debug */ = {
			isa = XCBuildConfiguration;
			buildSettings = {
				ALWAYS_SEARCH_USER_PATHS = NO;
				CLANG_ANALYZER_NONNULL = YES;
				CLANG_ANALYZER_NUMBER_OBJECT_CONVERSION = YES_AGGRESSIVE;
				CLANG_CXX_LANGUAGE_STANDARD = "gnu++20";
				CLANG_ENABLE_MODULES = YES;
				CLANG_ENABLE_OBJC_ARC = YES;
				CLANG_ENABLE_OBJC_WEAK = YES;
				CLANG_WARN_BLOCK_CAPTURE_AUTORELEASING = YES;
				CLANG_WARN_BOOL_CONVERSION = YES;
				CLANG_WARN_COMMA = YES;
				CLANG_WARN_CONSTANT_CONVERSION = YES;
				CLANG_WARN_DEPRECATED_OBJC_IMPLEMENTATIONS = YES;
				CLANG_WARN_DIRECT_OBJC_ISA_USAGE = YES_ERROR;
				CLANG_WARN_DOCUMENTATION_COMMENTS = YES;
				CLANG_WARN_EMPTY_BODY = YES;
				CLANG_WARN_ENUM_CONVERSION = YES;
				CLANG_WARN_INFINITE_RECURSION = YES;
				CLANG_WARN_INT_CONVERSION = YES;
				CLANG_WARN_NON_LITERAL_NULL_CONVERSION = YES;
				CLANG_WARN_OBJC_IMPLICIT_RETAIN_SELF = YES;
				CLANG_WARN_OBJC_LITERAL_CONVERSION = YES;
				CLANG_WARN_OBJC_ROOT_CLASS = YES_ERROR;
				CLANG_WARN_QUOTED_INCLUDE_IN_FRAMEWORK_HEADER = YES;
				CLANG_WARN_RANGE_LOOP_ANALYSIS = YES;
				CLANG_WARN_STRICT_PROTOTYPES = YES;
				CLANG_WARN_SUSPICIOUS_MOVE = YES;
				CLANG_WARN_UNGUARDED_AVAILABILITY = YES_AGGRESSIVE;
				CLANG_WARN_UNREACHABLE_CODE = YES;
				CLANG_WARN__DUPLICATE_METHOD_MATCH = YES;
				COPY_PHASE_STRIP = NO;
				DEBUG_INFORMATION_FORMAT = dwarf;
				ENABLE_STRICT_OBJC_MSGSEND = YES;
				ENABLE_TESTABILITY = YES;
				GCC_C_LANGUAGE_STANDARD = gnu11;
				GCC_DYNAMIC_NO_PIC = NO;
				GCC_NO_COMMON_BLOCKS = YES;
				GCC_OPTIMIZATION_LEVEL = 0;
				GCC_PREPROCESSOR_DEFINITIONS = (
					"DEBUG=1",
					"$(inherited)",
				);
				GCC_WARN_64_TO_32_BIT_CONVERSION = YES;
				GCC_WARN_ABOUT_RETURN_TYPE = YES_ERROR;
				GCC_WARN_UNDECLARED_SELECTOR = YES;
				GCC_WARN_UNINITIALIZED_AUTOS = YES_AGGRESSIVE;
				GCC_WARN_UNUSED_FUNCTION = YES;
				GCC_WARN_UNUSED_VARIABLE = YES;
				IPHONEOS_DEPLOYMENT_TARGET = 16.4;
				MTL_ENABLE_DEBUG_INFO = INCLUDE_SOURCE;
				MTL_FAST_MATH = YES;
				ONLY_ACTIVE_ARCH = YES;
				SDKROOT = iphoneos;
				SWIFT_ACTIVE_COMPILATION_CONDITIONS = DEBUG;
				SWIFT_OPTIMIZATION_LEVEL = "-Onone";
			};
			name = Debug;
		};
		9F736F262B35609000BA9966 /* Release */ = {
			isa = XCBuildConfiguration;
			buildSettings = {
				ALWAYS_SEARCH_USER_PATHS = NO;
				CLANG_ANALYZER_NONNULL = YES;
				CLANG_ANALYZER_NUMBER_OBJECT_CONVERSION = YES_AGGRESSIVE;
				CLANG_CXX_LANGUAGE_STANDARD = "gnu++20";
				CLANG_ENABLE_MODULES = YES;
				CLANG_ENABLE_OBJC_ARC = YES;
				CLANG_ENABLE_OBJC_WEAK = YES;
				CLANG_WARN_BLOCK_CAPTURE_AUTORELEASING = YES;
				CLANG_WARN_BOOL_CONVERSION = YES;
				CLANG_WARN_COMMA = YES;
				CLANG_WARN_CONSTANT_CONVERSION = YES;
				CLANG_WARN_DEPRECATED_OBJC_IMPLEMENTATIONS = YES;
				CLANG_WARN_DIRECT_OBJC_ISA_USAGE = YES_ERROR;
				CLANG_WARN_DOCUMENTATION_COMMENTS = YES;
				CLANG_WARN_EMPTY_BODY = YES;
				CLANG_WARN_ENUM_CONVERSION = YES;
				CLANG_WARN_INFINITE_RECURSION = YES;
				CLANG_WARN_INT_CONVERSION = YES;
				CLANG_WARN_NON_LITERAL_NULL_CONVERSION = YES;
				CLANG_WARN_OBJC_IMPLICIT_RETAIN_SELF = YES;
				CLANG_WARN_OBJC_LITERAL_CONVERSION = YES;
				CLANG_WARN_OBJC_ROOT_CLASS = YES_ERROR;
				CLANG_WARN_QUOTED_INCLUDE_IN_FRAMEWORK_HEADER = YES;
				CLANG_WARN_RANGE_LOOP_ANALYSIS = YES;
				CLANG_WARN_STRICT_PROTOTYPES = YES;
				CLANG_WARN_SUSPICIOUS_MOVE = YES;
				CLANG_WARN_UNGUARDED_AVAILABILITY = YES_AGGRESSIVE;
				CLANG_WARN_UNREACHABLE_CODE = YES;
				CLANG_WARN__DUPLICATE_METHOD_MATCH = YES;
				COPY_PHASE_STRIP = NO;
				DEBUG_INFORMATION_FORMAT = "dwarf-with-dsym";
				ENABLE_NS_ASSERTIONS = NO;
				ENABLE_STRICT_OBJC_MSGSEND = YES;
				GCC_C_LANGUAGE_STANDARD = gnu11;
				GCC_NO_COMMON_BLOCKS = YES;
				GCC_WARN_64_TO_32_BIT_CONVERSION = YES;
				GCC_WARN_ABOUT_RETURN_TYPE = YES_ERROR;
				GCC_WARN_UNDECLARED_SELECTOR = YES;
				GCC_WARN_UNINITIALIZED_AUTOS = YES_AGGRESSIVE;
				GCC_WARN_UNUSED_FUNCTION = YES;
				GCC_WARN_UNUSED_VARIABLE = YES;
				IPHONEOS_DEPLOYMENT_TARGET = 16.4;
				MTL_ENABLE_DEBUG_INFO = NO;
				MTL_FAST_MATH = YES;
				SDKROOT = iphoneos;
				SWIFT_COMPILATION_MODE = wholemodule;
				SWIFT_OPTIMIZATION_LEVEL = "-O";
				VALIDATE_PRODUCT = YES;
			};
			name = Release;
		};
		9F736F282B35609000BA9966 /* Debug */ = {
			isa = XCBuildConfiguration;
			buildSettings = {
				ASSETCATALOG_COMPILER_APPICON_NAME = AppIcon;
				ASSETCATALOG_COMPILER_GLOBAL_ACCENT_COLOR_NAME = AccentColor;
				CODE_SIGN_STYLE = Automatic;
				CURRENT_PROJECT_VERSION = 1;
				DEVELOPMENT_ASSET_PATHS = "\"SnackOverFlow/Preview Content\"";
				DEVELOPMENT_TEAM = N2LSX574AT;
				ENABLE_PREVIEWS = YES;
				GENERATE_INFOPLIST_FILE = YES;
				INFOPLIST_KEY_UIApplicationSceneManifest_Generation = YES;
				INFOPLIST_KEY_UIApplicationSupportsIndirectInputEvents = YES;
				INFOPLIST_KEY_UILaunchScreen_Generation = YES;
				INFOPLIST_KEY_UISupportedInterfaceOrientations_iPad = "UIInterfaceOrientationPortrait UIInterfaceOrientationPortraitUpsideDown UIInterfaceOrientationLandscapeLeft UIInterfaceOrientationLandscapeRight";
				INFOPLIST_KEY_UISupportedInterfaceOrientations_iPhone = "UIInterfaceOrientationPortrait UIInterfaceOrientationLandscapeLeft UIInterfaceOrientationLandscapeRight";
				LD_RUNPATH_SEARCH_PATHS = (
					"$(inherited)",
					"@executable_path/Frameworks",
				);
				MARKETING_VERSION = 1.0;
				PRODUCT_BUNDLE_IDENTIFIER = com.onurcam.SnackOverFlow;
				PRODUCT_NAME = "$(TARGET_NAME)";
				SWIFT_EMIT_LOC_STRINGS = YES;
				SWIFT_VERSION = 5.0;
				TARGETED_DEVICE_FAMILY = "1,2";
			};
			name = Debug;
		};
		9F736F292B35609000BA9966 /* Release */ = {
			isa = XCBuildConfiguration;
			buildSettings = {
				ASSETCATALOG_COMPILER_APPICON_NAME = AppIcon;
				ASSETCATALOG_COMPILER_GLOBAL_ACCENT_COLOR_NAME = AccentColor;
				CODE_SIGN_STYLE = Automatic;
				CURRENT_PROJECT_VERSION = 1;
				DEVELOPMENT_ASSET_PATHS = "\"SnackOverFlow/Preview Content\"";
				DEVELOPMENT_TEAM = N2LSX574AT;
				ENABLE_PREVIEWS = YES;
				GENERATE_INFOPLIST_FILE = YES;
				INFOPLIST_KEY_UIApplicationSceneManifest_Generation = YES;
				INFOPLIST_KEY_UIApplicationSupportsIndirectInputEvents = YES;
				INFOPLIST_KEY_UILaunchScreen_Generation = YES;
				INFOPLIST_KEY_UISupportedInterfaceOrientations_iPad = "UIInterfaceOrientationPortrait UIInterfaceOrientationPortraitUpsideDown UIInterfaceOrientationLandscapeLeft UIInterfaceOrientationLandscapeRight";
				INFOPLIST_KEY_UISupportedInterfaceOrientations_iPhone = "UIInterfaceOrientationPortrait UIInterfaceOrientationLandscapeLeft UIInterfaceOrientationLandscapeRight";
				LD_RUNPATH_SEARCH_PATHS = (
					"$(inherited)",
					"@executable_path/Frameworks",
				);
				MARKETING_VERSION = 1.0;
				PRODUCT_BUNDLE_IDENTIFIER = com.onurcam.SnackOverFlow;
				PRODUCT_NAME = "$(TARGET_NAME)";
				SWIFT_EMIT_LOC_STRINGS = YES;
				SWIFT_VERSION = 5.0;
				TARGETED_DEVICE_FAMILY = "1,2";
			};
			name = Release;
		};
/* End XCBuildConfiguration section */

/* Begin XCConfigurationList section */
		9F736F142B35608F00BA9966 /* Build configuration list for PBXProject "SnackOverFlow" */ = {
			isa = XCConfigurationList;
			buildConfigurations = (
				9F736F252B35609000BA9966 /* Debug */,
				9F736F262B35609000BA9966 /* Release */,
			);
			defaultConfigurationIsVisible = 0;
			defaultConfigurationName = Release;
		};
		9F736F272B35609000BA9966 /* Build configuration list for PBXNativeTarget "SnackOverFlow" */ = {
			isa = XCConfigurationList;
			buildConfigurations = (
				9F736F282B35609000BA9966 /* Debug */,
				9F736F292B35609000BA9966 /* Release */,
			);
			defaultConfigurationIsVisible = 0;
			defaultConfigurationName = Release;
		};
/* End XCConfigurationList section */
	};
	rootObject = 9F736F112B35608F00BA9966 /* Project object */;
}
